// !$*UTF8*$!
{
	archiveVersion = 1;
	classes = {
	};
	objectVersion = 50;
	objects = {

/* Begin PBXBuildFile section */
		956930FA2264A83800C8FDB8 /* AppDelegate.m in Sources */ = {isa = PBXBuildFile; fileRef = 956930F92264A83800C8FDB8 /* AppDelegate.m */; };
		956930FD2264A83800C8FDB8 /* ViewController.m in Sources */ = {isa = PBXBuildFile; fileRef = 956930FC2264A83800C8FDB8 /* ViewController.m */; };
		956931002264A83800C8FDB8 /* Main.storyboard in Resources */ = {isa = PBXBuildFile; fileRef = 956930FE2264A83800C8FDB8 /* Main.storyboard */; };
		956931022264A83A00C8FDB8 /* Assets.xcassets in Resources */ = {isa = PBXBuildFile; fileRef = 956931012264A83A00C8FDB8 /* Assets.xcassets */; };
		956931052264A83A00C8FDB8 /* LaunchScreen.storyboard in Resources */ = {isa = PBXBuildFile; fileRef = 956931032264A83A00C8FDB8 /* LaunchScreen.storyboard */; };
		956931082264A83A00C8FDB8 /* main.m in Sources */ = {isa = PBXBuildFile; fileRef = 956931072264A83A00C8FDB8 /* main.m */; };
		9571FC03226730FF00602FB4 /* CollectionViewCell.m in Sources */ = {isa = PBXBuildFile; fileRef = 9571FC02226730FF00602FB4 /* CollectionViewCell.m */; };
		9571FC062267A8EB00602FB4 /* NetworkService.m in Sources */ = {isa = PBXBuildFile; fileRef = 9571FC052267A8EB00602FB4 /* NetworkService.m */; };
		9571FC092267AB8500602FB4 /* NetworkHelper.m in Sources */ = {isa = PBXBuildFile; fileRef = 9571FC082267AB8500602FB4 /* NetworkHelper.m */; };
		9571FC3A2269AC9700602FB4 /* HWEditPhotoViewController.m in Sources */ = {isa = PBXBuildFile; fileRef = 9571FC392269AC9700602FB4 /* HWEditPhotoViewController.m */; };
		9571FC402269EF3F00602FB4 /* dog.jpg in Resources */ = {isa = PBXBuildFile; fileRef = 9571FC3F2269EF3F00602FB4 /* dog.jpg */; };
		9571FC422269EF8900602FB4 /* cat.jpg in Resources */ = {isa = PBXBuildFile; fileRef = 9571FC412269EF8900602FB4 /* cat.jpg */; };
/* End PBXBuildFile section */

/* Begin PBXFileReference section */
		956930F52264A83800C8FDB8 /* HWFlickr.app */ = {isa = PBXFileReference; explicitFileType = wrapper.application; includeInIndex = 0; path = HWFlickr.app; sourceTree = BUILT_PRODUCTS_DIR; };
		956930F82264A83800C8FDB8 /* AppDelegate.h */ = {isa = PBXFileReference; lastKnownFileType = sourcecode.c.h; path = AppDelegate.h; sourceTree = "<group>"; };
		956930F92264A83800C8FDB8 /* AppDelegate.m */ = {isa = PBXFileReference; lastKnownFileType = sourcecode.c.objc; path = AppDelegate.m; sourceTree = "<group>"; };
		956930FB2264A83800C8FDB8 /* ViewController.h */ = {isa = PBXFileReference; lastKnownFileType = sourcecode.c.h; path = ViewController.h; sourceTree = "<group>"; };
		956930FC2264A83800C8FDB8 /* ViewController.m */ = {isa = PBXFileReference; lastKnownFileType = sourcecode.c.objc; path = ViewController.m; sourceTree = "<group>"; };
		956930FF2264A83800C8FDB8 /* Base */ = {isa = PBXFileReference; lastKnownFileType = file.storyboard; name = Base; path = Base.lproj/Main.storyboard; sourceTree = "<group>"; };
		956931012264A83A00C8FDB8 /* Assets.xcassets */ = {isa = PBXFileReference; lastKnownFileType = folder.assetcatalog; path = Assets.xcassets; sourceTree = "<group>"; };
		956931042264A83A00C8FDB8 /* Base */ = {isa = PBXFileReference; lastKnownFileType = file.storyboard; name = Base; path = Base.lproj/LaunchScreen.storyboard; sourceTree = "<group>"; };
		956931062264A83A00C8FDB8 /* Info.plist */ = {isa = PBXFileReference; lastKnownFileType = text.plist.xml; path = Info.plist; sourceTree = "<group>"; };
		956931072264A83A00C8FDB8 /* main.m */ = {isa = PBXFileReference; lastKnownFileType = sourcecode.c.objc; path = main.m; sourceTree = "<group>"; };
		9571FC01226730FE00602FB4 /* CollectionViewCell.h */ = {isa = PBXFileReference; lastKnownFileType = sourcecode.c.h; path = CollectionViewCell.h; sourceTree = "<group>"; };
		9571FC02226730FF00602FB4 /* CollectionViewCell.m */ = {isa = PBXFileReference; lastKnownFileType = sourcecode.c.objc; path = CollectionViewCell.m; sourceTree = "<group>"; };
		9571FC042267A8EB00602FB4 /* NetworkService.h */ = {isa = PBXFileReference; lastKnownFileType = sourcecode.c.h; path = NetworkService.h; sourceTree = "<group>"; };
		9571FC052267A8EB00602FB4 /* NetworkService.m */ = {isa = PBXFileReference; lastKnownFileType = sourcecode.c.objc; path = NetworkService.m; sourceTree = "<group>"; };
		9571FC072267AB8500602FB4 /* NetworkHelper.h */ = {isa = PBXFileReference; lastKnownFileType = sourcecode.c.h; path = NetworkHelper.h; sourceTree = "<group>"; };
		9571FC082267AB8500602FB4 /* NetworkHelper.m */ = {isa = PBXFileReference; lastKnownFileType = sourcecode.c.objc; path = NetworkHelper.m; sourceTree = "<group>"; };
		9571FC0A2267BC4E00602FB4 /* NetworkServiceProtocol.h */ = {isa = PBXFileReference; lastKnownFileType = sourcecode.c.h; path = NetworkServiceProtocol.h; sourceTree = "<group>"; };
		9571FC382269AC9700602FB4 /* HWEditPhotoViewController.h */ = {isa = PBXFileReference; lastKnownFileType = sourcecode.c.h; path = HWEditPhotoViewController.h; sourceTree = "<group>"; };
		9571FC392269AC9700602FB4 /* HWEditPhotoViewController.m */ = {isa = PBXFileReference; lastKnownFileType = sourcecode.c.objc; path = HWEditPhotoViewController.m; sourceTree = "<group>"; };
		9571FC3F2269EF3F00602FB4 /* dog.jpg */ = {isa = PBXFileReference; lastKnownFileType = image.jpeg; path = dog.jpg; sourceTree = "<group>"; };
		9571FC412269EF8900602FB4 /* cat.jpg */ = {isa = PBXFileReference; lastKnownFileType = image.jpeg; path = cat.jpg; sourceTree = "<group>"; };
/* End PBXFileReference section */

/* Begin PBXFrameworksBuildPhase section */
		956930F22264A83800C8FDB8 /* Frameworks */ = {
			isa = PBXFrameworksBuildPhase;
			buildActionMask = 2147483647;
			files = (
			);
			runOnlyForDeploymentPostprocessing = 0;
		};
/* End PBXFrameworksBuildPhase section */

/* Begin PBXGroup section */
		956930EC2264A83800C8FDB8 = {
			isa = PBXGroup;
			children = (
				956930F72264A83800C8FDB8 /* HWFlickr */,
				956930F62264A83800C8FDB8 /* Products */,
			);
			sourceTree = "<group>";
		};
		956930F62264A83800C8FDB8 /* Products */ = {
			isa = PBXGroup;
			children = (
				956930F52264A83800C8FDB8 /* HWFlickr.app */,
			);
			name = Products;
			sourceTree = "<group>";
		};
		956930F72264A83800C8FDB8 /* HWFlickr */ = {
			isa = PBXGroup;
			children = (
				9571FC0E22687E7F00602FB4 /* Model */,
				9571FC3B2269B9F100602FB4 /* Controller */,
				9571FC1022687E9B00602FB4 /* View */,
				9571FC0F22687E8900602FB4 /* NetworkService */,
				956930F82264A83800C8FDB8 /* AppDelegate.h */,
				956930F92264A83800C8FDB8 /* AppDelegate.m */,
				956930FE2264A83800C8FDB8 /* Main.storyboard */,
				956931012264A83A00C8FDB8 /* Assets.xcassets */,
				956931032264A83A00C8FDB8 /* LaunchScreen.storyboard */,
				956931062264A83A00C8FDB8 /* Info.plist */,
				956931072264A83A00C8FDB8 /* main.m */,
				9571FC3E2269EEF500602FB4 /* pushImages */,
			);
			path = HWFlickr;
			sourceTree = "<group>";
		};
		9571FC0E22687E7F00602FB4 /* Model */ = {
			isa = PBXGroup;
			children = (
			);
			path = Model;
			sourceTree = "<group>";
		};
		9571FC0F22687E8900602FB4 /* NetworkService */ = {
			isa = PBXGroup;
			children = (
				9571FC042267A8EB00602FB4 /* NetworkService.h */,
				9571FC052267A8EB00602FB4 /* NetworkService.m */,
				9571FC072267AB8500602FB4 /* NetworkHelper.h */,
				9571FC082267AB8500602FB4 /* NetworkHelper.m */,
				9571FC0A2267BC4E00602FB4 /* NetworkServiceProtocol.h */,
			);
			path = NetworkService;
			sourceTree = "<group>";
		};
		9571FC1022687E9B00602FB4 /* View */ = {
			isa = PBXGroup;
			children = (
				9571FC01226730FE00602FB4 /* CollectionViewCell.h */,
				9571FC02226730FF00602FB4 /* CollectionViewCell.m */,
			);
			path = View;
			sourceTree = "<group>";
		};
		9571FC3B2269B9F100602FB4 /* Controller */ = {
			isa = PBXGroup;
			children = (
				956930FB2264A83800C8FDB8 /* ViewController.h */,
				956930FC2264A83800C8FDB8 /* ViewController.m */,
				9571FC382269AC9700602FB4 /* HWEditPhotoViewController.h */,
				9571FC392269AC9700602FB4 /* HWEditPhotoViewController.m */,
			);
			path = Controller;
			sourceTree = "<group>";
		};
		9571FC3E2269EEF500602FB4 /* pushImages */ = {
			isa = PBXGroup;
			children = (
				9571FC3F2269EF3F00602FB4 /* dog.jpg */,
				9571FC412269EF8900602FB4 /* cat.jpg */,
			);
			path = pushImages;
			sourceTree = "<group>";
		};
/* End PBXGroup section */

/* Begin PBXNativeTarget section */
		956930F42264A83800C8FDB8 /* HWFlickr */ = {
			isa = PBXNativeTarget;
			buildConfigurationList = 9569310B2264A83A00C8FDB8 /* Build configuration list for PBXNativeTarget "HWFlickr" */;
			buildPhases = (
				956930F12264A83800C8FDB8 /* Sources */,
				956930F22264A83800C8FDB8 /* Frameworks */,
				956930F32264A83800C8FDB8 /* Resources */,
			);
			buildRules = (
			);
			dependencies = (
			);
			name = HWFlickr;
			productName = HWFlickr;
			productReference = 956930F52264A83800C8FDB8 /* HWFlickr.app */;
			productType = "com.apple.product-type.application";
		};
/* End PBXNativeTarget section */

/* Begin PBXProject section */
		956930ED2264A83800C8FDB8 /* Project object */ = {
			isa = PBXProject;
			attributes = {
				LastUpgradeCheck = 1010;
				ORGANIZATIONNAME = "Erzhena Tsyrendylykova";
				TargetAttributes = {
					956930F42264A83800C8FDB8 = {
						CreatedOnToolsVersion = 10.1;
					};
				};
			};
			buildConfigurationList = 956930F02264A83800C8FDB8 /* Build configuration list for PBXProject "HWFlickr" */;
			compatibilityVersion = "Xcode 9.3";
			developmentRegion = en;
			hasScannedForEncodings = 0;
			knownRegions = (
				en,
				Base,
			);
			mainGroup = 956930EC2264A83800C8FDB8;
			productRefGroup = 956930F62264A83800C8FDB8 /* Products */;
			projectDirPath = "";
			projectRoot = "";
			targets = (
				956930F42264A83800C8FDB8 /* HWFlickr */,
			);
		};
/* End PBXProject section */

/* Begin PBXResourcesBuildPhase section */
		956930F32264A83800C8FDB8 /* Resources */ = {
			isa = PBXResourcesBuildPhase;
			buildActionMask = 2147483647;
			files = (
				956931052264A83A00C8FDB8 /* LaunchScreen.storyboard in Resources */,
				956931022264A83A00C8FDB8 /* Assets.xcassets in Resources */,
				956931002264A83800C8FDB8 /* Main.storyboard in Resources */,
				9571FC422269EF8900602FB4 /* cat.jpg in Resources */,
				9571FC402269EF3F00602FB4 /* dog.jpg in Resources */,
			);
			runOnlyForDeploymentPostprocessing = 0;
		};
/* End PBXResourcesBuildPhase section */

/* Begin PBXSourcesBuildPhase section */
		956930F12264A83800C8FDB8 /* Sources */ = {
			isa = PBXSourcesBuildPhase;
			buildActionMask = 2147483647;
			files = (
				956930FD2264A83800C8FDB8 /* ViewController.m in Sources */,
				956931082264A83A00C8FDB8 /* main.m in Sources */,
				9571FC092267AB8500602FB4 /* NetworkHelper.m in Sources */,
				9571FC3A2269AC9700602FB4 /* HWEditPhotoViewController.m in Sources */,
				9571FC03226730FF00602FB4 /* CollectionViewCell.m in Sources */,
				956930FA2264A83800C8FDB8 /* AppDelegate.m in Sources */,
				9571FC062267A8EB00602FB4 /* NetworkService.m in Sources */,
			);
			runOnlyForDeploymentPostprocessing = 0;
		};
/* End PBXSourcesBuildPhase section */

/* Begin PBXVariantGroup section */
		956930FE2264A83800C8FDB8 /* Main.storyboard */ = {
			isa = PBXVariantGroup;
			children = (
				956930FF2264A83800C8FDB8 /* Base */,
			);
			name = Main.storyboard;
			sourceTree = "<group>";
		};
		956931032264A83A00C8FDB8 /* LaunchScreen.storyboard */ = {
			isa = PBXVariantGroup;
			children = (
				956931042264A83A00C8FDB8 /* Base */,
			);
			name = LaunchScreen.storyboard;
			sourceTree = "<group>";
		};
/* End PBXVariantGroup section */

/* Begin XCBuildConfiguration section */
		956931092264A83A00C8FDB8 /* Debug */ = {
			isa = XCBuildConfiguration;
			buildSettings = {
				ALWAYS_SEARCH_USER_PATHS = NO;
				CLANG_ANALYZER_NONNULL = YES;
				CLANG_ANALYZER_NUMBER_OBJECT_CONVERSION = YES_AGGRESSIVE;
				CLANG_CXX_LANGUAGE_STANDARD = "gnu++14";
				CLANG_CXX_LIBRARY = "libc++";
				CLANG_ENABLE_MODULES = YES;
				CLANG_ENABLE_OBJC_ARC = YES;
				CLANG_ENABLE_OBJC_WEAK = YES;
				CLANG_WARN_BLOCK_CAPTURE_AUTORELEASING = YES;
				CLANG_WARN_BOOL_CONVERSION = YES;
				CLANG_WARN_COMMA = YES;
				CLANG_WARN_CONSTANT_CONVERSION = YES;
				CLANG_WARN_DEPRECATED_OBJC_IMPLEMENTATIONS = YES;
				CLANG_WARN_DIRECT_OBJC_ISA_USAGE = YES_ERROR;
				CLANG_WARN_DOCUMENTATION_COMMENTS = YES;
				CLANG_WARN_EMPTY_BODY = YES;
				CLANG_WARN_ENUM_CONVERSION = YES;
				CLANG_WARN_INFINITE_RECURSION = YES;
				CLANG_WARN_INT_CONVERSION = YES;
				CLANG_WARN_NON_LITERAL_NULL_CONVERSION = YES;
				CLANG_WARN_OBJC_IMPLICIT_RETAIN_SELF = YES;
				CLANG_WARN_OBJC_LITERAL_CONVERSION = YES;
				CLANG_WARN_OBJC_ROOT_CLASS = YES_ERROR;
				CLANG_WARN_RANGE_LOOP_ANALYSIS = YES;
				CLANG_WARN_STRICT_PROTOTYPES = YES;
				CLANG_WARN_SUSPICIOUS_MOVE = YES;
				CLANG_WARN_UNGUARDED_AVAILABILITY = YES_AGGRESSIVE;
				CLANG_WARN_UNREACHABLE_CODE = YES;
				CLANG_WARN__DUPLICATE_METHOD_MATCH = YES;
				CODE_SIGN_IDENTITY = "iPhone Developer";
				COPY_PHASE_STRIP = NO;
				DEBUG_INFORMATION_FORMAT = dwarf;
				ENABLE_STRICT_OBJC_MSGSEND = YES;
				ENABLE_TESTABILITY = YES;
				GCC_C_LANGUAGE_STANDARD = gnu11;
				GCC_DYNAMIC_NO_PIC = NO;
				GCC_NO_COMMON_BLOCKS = YES;
				GCC_OPTIMIZATION_LEVEL = 0;
				GCC_PREPROCESSOR_DEFINITIONS = (
					"DEBUG=1",
					"$(inherited)",
				);
				GCC_WARN_64_TO_32_BIT_CONVERSION = YES;
				GCC_WARN_ABOUT_RETURN_TYPE = YES_ERROR;
				GCC_WARN_UNDECLARED_SELECTOR = YES;
				GCC_WARN_UNINITIALIZED_AUTOS = YES_AGGRESSIVE;
				GCC_WARN_UNUSED_FUNCTION = YES;
				GCC_WARN_UNUSED_VARIABLE = YES;
				IPHONEOS_DEPLOYMENT_TARGET = 12.1;
				MTL_ENABLE_DEBUG_INFO = INCLUDE_SOURCE;
				MTL_FAST_MATH = YES;
				ONLY_ACTIVE_ARCH = YES;
				SDKROOT = iphoneos;
			};
			name = Debug;
		};
		9569310A2264A83A00C8FDB8 /* Release */ = {
			isa = XCBuildConfiguration;
			buildSettings = {
				ALWAYS_SEARCH_USER_PATHS = NO;
				CLANG_ANALYZER_NONNULL = YES;
				CLANG_ANALYZER_NUMBER_OBJECT_CONVERSION = YES_AGGRESSIVE;
				CLANG_CXX_LANGUAGE_STANDARD = "gnu++14";
				CLANG_CXX_LIBRARY = "libc++";
				CLANG_ENABLE_MODULES = YES;
				CLANG_ENABLE_OBJC_ARC = YES;
				CLANG_ENABLE_OBJC_WEAK = YES;
				CLANG_WARN_BLOCK_CAPTURE_AUTORELEASING = YES;
				CLANG_WARN_BOOL_CONVERSION = YES;
				CLANG_WARN_COMMA = YES;
				CLANG_WARN_CONSTANT_CONVERSION = YES;
				CLANG_WARN_DEPRECATED_OBJC_IMPLEMENTATIONS = YES;
				CLANG_WARN_DIRECT_OBJC_ISA_USAGE = YES_ERROR;
				CLANG_WARN_DOCUMENTATION_COMMENTS = YES;
				CLANG_WARN_EMPTY_BODY = YES;
				CLANG_WARN_ENUM_CONVERSION = YES;
				CLANG_WARN_INFINITE_RECURSION = YES;
				CLANG_WARN_INT_CONVERSION = YES;
				CLANG_WARN_NON_LITERAL_NULL_CONVERSION = YES;
				CLANG_WARN_OBJC_IMPLICIT_RETAIN_SELF = YES;
				CLANG_WARN_OBJC_LITERAL_CONVERSION = YES;
				CLANG_WARN_OBJC_ROOT_CLASS = YES_ERROR;
				CLANG_WARN_RANGE_LOOP_ANALYSIS = YES;
				CLANG_WARN_STRICT_PROTOTYPES = YES;
				CLANG_WARN_SUSPICIOUS_MOVE = YES;
				CLANG_WARN_UNGUARDED_AVAILABILITY = YES_AGGRESSIVE;
				CLANG_WARN_UNREACHABLE_CODE = YES;
				CLANG_WARN__DUPLICATE_METHOD_MATCH = YES;
				CODE_SIGN_IDENTITY = "iPhone Developer";
				COPY_PHASE_STRIP = NO;
				DEBUG_INFORMATION_FORMAT = "dwarf-with-dsym";
				ENABLE_NS_ASSERTIONS = NO;
				ENABLE_STRICT_OBJC_MSGSEND = YES;
				GCC_C_LANGUAGE_STANDARD = gnu11;
				GCC_NO_COMMON_BLOCKS = YES;
				GCC_WARN_64_TO_32_BIT_CONVERSION = YES;
				GCC_WARN_ABOUT_RETURN_TYPE = YES_ERROR;
				GCC_WARN_UNDECLARED_SELECTOR = YES;
				GCC_WARN_UNINITIALIZED_AUTOS = YES_AGGRESSIVE;
				GCC_WARN_UNUSED_FUNCTION = YES;
				GCC_WARN_UNUSED_VARIABLE = YES;
				IPHONEOS_DEPLOYMENT_TARGET = 12.1;
				MTL_ENABLE_DEBUG_INFO = NO;
				MTL_FAST_MATH = YES;
				SDKROOT = iphoneos;
				VALIDATE_PRODUCT = YES;
			};
			name = Release;
		};
		9569310C2264A83A00C8FDB8 /* Debug */ = {
			isa = XCBuildConfiguration;
			buildSettings = {
				ASSETCATALOG_COMPILER_APPICON_NAME = AppIcon;
				CODE_SIGN_STYLE = Automatic;
				INFOPLIST_FILE = HWFlickr/Info.plist;
				LD_RUNPATH_SEARCH_PATHS = (
					"$(inherited)",
					"@executable_path/Frameworks",
				);
				PRODUCT_BUNDLE_IDENTIFIER = ru.ErzhenaTsyrendylykova.HWFlickr;
				PRODUCT_NAME = "$(TARGET_NAME)";
				TARGETED_DEVICE_FAMILY = "1,2";
			};
			name = Debug;
		};
		9569310D2264A83A00C8FDB8 /* Release */ = {
			isa = XCBuildConfiguration;
			buildSettings = {
				ASSETCATALOG_COMPILER_APPICON_NAME = AppIcon;
				CODE_SIGN_STYLE = Automatic;
				INFOPLIST_FILE = HWFlickr/Info.plist;
				LD_RUNPATH_SEARCH_PATHS = (
					"$(inherited)",
					"@executable_path/Frameworks",
				);
				PRODUCT_BUNDLE_IDENTIFIER = ru.ErzhenaTsyrendylykova.HWFlickr;
				PRODUCT_NAME = "$(TARGET_NAME)";
				TARGETED_DEVICE_FAMILY = "1,2";
			};
			name = Release;
		};
/* End XCBuildConfiguration section */

/* Begin XCConfigurationList section */
		956930F02264A83800C8FDB8 /* Build configuration list for PBXProject "HWFlickr" */ = {
			isa = XCConfigurationList;
			buildConfigurations = (
				956931092264A83A00C8FDB8 /* Debug */,
				9569310A2264A83A00C8FDB8 /* Release */,
			);
			defaultConfigurationIsVisible = 0;
			defaultConfigurationName = Release;
		};
		9569310B2264A83A00C8FDB8 /* Build configuration list for PBXNativeTarget "HWFlickr" */ = {
			isa = XCConfigurationList;
			buildConfigurations = (
				9569310C2264A83A00C8FDB8 /* Debug */,
				9569310D2264A83A00C8FDB8 /* Release */,
			);
			defaultConfigurationIsVisible = 0;
			defaultConfigurationName = Release;
		};
/* End XCConfigurationList section */
	};
	rootObject = 956930ED2264A83800C8FDB8 /* Project object */;
}
